
Microsoft Visual Studio Solution File, Format Version 12.00
# Visual Studio Version 17
VisualStudioVersion = 17.9.34723.18
MinimumVisualStudioVersion = 10.0.40219.1
Project("{FAE04EC0-301F-11D3-BF4B-00C04F79EFBC}") = "MigrationWebAPPAPI", "MigrationWebAPPAPI\MigrationWebAPPAPI.csproj", "{29EB9B7C-047F-478B-B0E4-0FD81594D728}"
EndProject
Global
	GlobalSection(SolutionConfigurationPlatforms) = preSolution
		Debug|Any CPU = Debug|Any CPU
		Release|Any CPU = Release|Any CPU
	EndGlobalSection
	GlobalSection(ProjectConfigurationPlatforms) = postSolution
		{29EB9B7C-047F-478B-B0E4-0FD81594D728}.Debug|Any CPU.ActiveCfg = Debug|Any CPU
		{29EB9B7C-047F-478B-B0E4-0FD81594D728}.Debug|Any CPU.Build.0 = Debug|Any CPU
		{29EB9B7C-047F-478B-B0E4-0FD81594D728}.Release|Any CPU.ActiveCfg = Release|Any CPU
		{29EB9B7C-047F-478B-B0E4-0FD81594D728}.Release|Any CPU.Build.0 = Release|Any CPU
	EndGlobalSection
	GlobalSection(SolutionProperties) = preSolution
		HideSolutionNode = FALSE
	EndGlobalSection
	GlobalSection(ExtensibilityGlobals) = postSolution
		SolutionGuid = {13EBED85-5171-4694-88E6-3375AB9AB43F}
	EndGlobalSection
EndGlobal
